
Microsoft Visual Studio Solution File, Format Version 12.00
# Visual Studio Version 17
VisualStudioVersion = 17.4.33213.308
MinimumVisualStudioVersion = 10.0.40219.1
Project("{FAE04EC0-301F-11D3-BF4B-00C04F79EFBC}") = "Webapp", "Webapp\Webapp.csproj", "{B4DC968C-9965-4431-92C7-D791D361F0E2}"
EndProject
Global
	GlobalSection(SolutionConfigurationPlatforms) = preSolution
		Debug|Any CPU = Debug|Any CPU
		Release|Any CPU = Release|Any CPU
	EndGlobalSection
	GlobalSection(ProjectConfigurationPlatforms) = postSolution
		{B4DC968C-9965-4431-92C7-D791D361F0E2}.Debug|Any CPU.ActiveCfg = Debug|Any CPU
		{B4DC968C-9965-4431-92C7-D791D361F0E2}.Debug|Any CPU.Build.0 = Debug|Any CPU
		{B4DC968C-9965-4431-92C7-D791D361F0E2}.Release|Any CPU.ActiveCfg = Release|Any CPU
		{B4DC968C-9965-4431-92C7-D791D361F0E2}.Release|Any CPU.Build.0 = Release|Any CPU
	EndGlobalSection
	GlobalSection(SolutionProperties) = preSolution
		HideSolutionNode = FALSE
	EndGlobalSection
	GlobalSection(ExtensibilityGlobals) = postSolution
		SolutionGuid = {DFBFE5AD-12D7-40CE-A620-2BC17DE27D4C}
	EndGlobalSection
EndGlobal
